dependencies:
- name: jupyterhub
  repository: https://jupyterhub.github.io/helm-chart/
  version: 3.2.1
- name: dask-gateway
  repository: https://helm.dask.org/
  version: 2024.1.0
digest: sha256:317445fa8e82e35ea3e21e868956795998afe06c9ea2cf0284d950ccad1b1e39
generated: "2024-01-16T08:57:48.155209103Z"
